
Microsoft Visual Studio Solution File, Format Version 12.00
# Visual Studio Version 17
VisualStudioVersion = 17.0.32014.148
MinimumVisualStudioVersion = 10.0.40219.1
Project("{FAE04EC0-301F-11D3-BF4B-00C04F79EFBC}") = "Bit Counting", "Bit Counting.csproj", "{DD6D8597-AC3B-4C54-A500-90BB6B3EF925}"
EndProject
Global
	GlobalSection(SolutionConfigurationPlatforms) = preSolution
		Debug|Any CPU = Debug|Any CPU
		Release|Any CPU = Release|Any CPU
	EndGlobalSection
	GlobalSection(ProjectConfigurationPlatforms) = postSolution
		{DD6D8597-AC3B-4C54-A500-90BB6B3EF925}.Debug|Any CPU.ActiveCfg = Debug|Any CPU
		{DD6D8597-AC3B-4C54-A500-90BB6B3EF925}.Debug|Any CPU.Build.0 = Debug|Any CPU
		{DD6D8597-AC3B-4C54-A500-90BB6B3EF925}.Release|Any CPU.ActiveCfg = Release|Any CPU
		{DD6D8597-AC3B-4C54-A500-90BB6B3EF925}.Release|Any CPU.Build.0 = Release|Any CPU
	EndGlobalSection
	GlobalSection(SolutionProperties) = preSolution
		HideSolutionNode = FALSE
	EndGlobalSection
	GlobalSection(ExtensibilityGlobals) = postSolution
		SolutionGuid = {856833A4-E7F4-4B10-84A9-E3D53180597A}
	EndGlobalSection
EndGlobal
